
Microsoft Visual Studio Solution File, Format Version 12.00
# Visual Studio Version 16
VisualStudioVersion = 16.0.30011.22
MinimumVisualStudioVersion = 10.0.40219.1
Project("{9A19103F-16F7-4668-BE54-9A1E7A4F7556}") = "Domain", "Domain\Domain.csproj", "{8CD2F2B7-3C78-4320-B66C-B6576A6E13AD}"
EndProject
Project("{FAE04EC0-301F-11D3-BF4B-00C04F79EFBC}") = "ConsoleView", "ConsoleView\ConsoleView.csproj", "{F059C364-AB38-4B95-B3F9-3FD57B4FA361}"
EndProject
Global
	GlobalSection(SolutionConfigurationPlatforms) = preSolution
		Debug|Any CPU = Debug|Any CPU
		Release|Any CPU = Release|Any CPU
	EndGlobalSection
	GlobalSection(ProjectConfigurationPlatforms) = postSolution
		{8CD2F2B7-3C78-4320-B66C-B6576A6E13AD}.Debug|Any CPU.ActiveCfg = Debug|Any CPU
		{8CD2F2B7-3C78-4320-B66C-B6576A6E13AD}.Debug|Any CPU.Build.0 = Debug|Any CPU
		{8CD2F2B7-3C78-4320-B66C-B6576A6E13AD}.Release|Any CPU.ActiveCfg = Release|Any CPU
		{8CD2F2B7-3C78-4320-B66C-B6576A6E13AD}.Release|Any CPU.Build.0 = Release|Any CPU
		{F059C364-AB38-4B95-B3F9-3FD57B4FA361}.Debug|Any CPU.ActiveCfg = Debug|Any CPU
		{F059C364-AB38-4B95-B3F9-3FD57B4FA361}.Debug|Any CPU.Build.0 = Debug|Any CPU
		{F059C364-AB38-4B95-B3F9-3FD57B4FA361}.Release|Any CPU.ActiveCfg = Release|Any CPU
		{F059C364-AB38-4B95-B3F9-3FD57B4FA361}.Release|Any CPU.Build.0 = Release|Any CPU
	EndGlobalSection
	GlobalSection(SolutionProperties) = preSolution
		HideSolutionNode = FALSE
	EndGlobalSection
	GlobalSection(ExtensibilityGlobals) = postSolution
		SolutionGuid = {F034BC8A-D0CE-4D2A-9AF8-3DF594F18555}
	EndGlobalSection
EndGlobal
